
Microsoft Visual Studio Solution File, Format Version 12.00
# Visual Studio Version 17
VisualStudioVersion = 17.8.34004.107
MinimumVisualStudioVersion = 10.0.40219.1
Project("{FAE04EC0-301F-11D3-BF4B-00C04F79EFBC}") = "Bifrost", "Bifrost\Bifrost.csproj", "{77624880-45F4-4CAE-9A95-DF71EE3AD03D}"
EndProject
Global
	GlobalSection(SolutionConfigurationPlatforms) = preSolution
		Debug|Any CPU = Debug|Any CPU
		Release|Any CPU = Release|Any CPU
	EndGlobalSection
	GlobalSection(ProjectConfigurationPlatforms) = postSolution
		{77624880-45F4-4CAE-9A95-DF71EE3AD03D}.Debug|Any CPU.ActiveCfg = Debug|Any CPU
		{77624880-45F4-4CAE-9A95-DF71EE3AD03D}.Debug|Any CPU.Build.0 = Debug|Any CPU
		{77624880-45F4-4CAE-9A95-DF71EE3AD03D}.Release|Any CPU.ActiveCfg = Release|Any CPU
		{77624880-45F4-4CAE-9A95-DF71EE3AD03D}.Release|Any CPU.Build.0 = Release|Any CPU
	EndGlobalSection
	GlobalSection(SolutionProperties) = preSolution
		HideSolutionNode = FALSE
	EndGlobalSection
	GlobalSection(ExtensibilityGlobals) = postSolution
		SolutionGuid = {3D72774A-55CE-43D1-BDD1-E66737F57535}
	EndGlobalSection
EndGlobal
