
Microsoft Visual Studio Solution File, Format Version 12.00
# Visual Studio Version 17
VisualStudioVersion = 17.8.34004.107
MinimumVisualStudioVersion = 10.0.40219.1
Project("{2150E333-8FDC-42A3-9474-1A3956D46DE8}") = "Solution Items", "Solution Items", "{38B6A836-68EA-47A8-B187-99AB27624AE3}"
	ProjectSection(SolutionItems) = preProject
		.editorconfig = .editorconfig
		..\.gitignore = ..\.gitignore
		Directory.Build.props = Directory.Build.props
		..\README.md = ..\README.md
	EndProjectSection
EndProject
Project("{9A19103F-16F7-4668-BE54-9A1E7A4F7556}") = "Bifrost", "Bifrost\Bifrost.csproj", "{1F49783C-4F32-47E5-9FC1-5B9FE7E07C41}"
EndProject
Project("{9A19103F-16F7-4668-BE54-9A1E7A4F7556}") = "Bifrost.Client", "Bifrost.Client\Bifrost.Client.csproj", "{E2EA90FB-52D3-456B-9465-3837C0C2498D}"
EndProject
Project("{FAE04EC0-301F-11D3-BF4B-00C04F79EFBC}") = "Bifrost.Core", "Bifrost.Core\Bifrost.Core.csproj", "{13674EF7-667C-4CB0-A431-0370F1002B2D}"
EndProject
Project("{2150E333-8FDC-42A3-9474-1A3956D46DE8}") = "Tests", "Tests", "{69D54491-962D-4C11-935F-27CDD7D54FFD}"
	ProjectSection(SolutionItems) = preProject
		Tests\Directory.Build.props = Tests\Directory.Build.props
	EndProjectSection
EndProject
Project("{9A19103F-16F7-4668-BE54-9A1E7A4F7556}") = "Bifrost.UnitTests", "Tests\Bifrost.UnitTests\Bifrost.UnitTests.csproj", "{DC1F0E9A-175B-4E05-B9A7-86F58BECAE53}"
EndProject
Project("{9A19103F-16F7-4668-BE54-9A1E7A4F7556}") = "Bifrost.Core.UnitTests", "Tests\Bifrost.Core.UnitTests\Bifrost.Core.UnitTests.csproj", "{601392E0-A88B-4059-BFE9-502D3CBF4527}"
EndProject
Global
	GlobalSection(SolutionConfigurationPlatforms) = preSolution
		Debug|Any CPU = Debug|Any CPU
		Release|Any CPU = Release|Any CPU
	EndGlobalSection
	GlobalSection(ProjectConfigurationPlatforms) = postSolution
		{1F49783C-4F32-47E5-9FC1-5B9FE7E07C41}.Debug|Any CPU.ActiveCfg = Debug|Any CPU
		{1F49783C-4F32-47E5-9FC1-5B9FE7E07C41}.Debug|Any CPU.Build.0 = Debug|Any CPU
		{1F49783C-4F32-47E5-9FC1-5B9FE7E07C41}.Release|Any CPU.ActiveCfg = Release|Any CPU
		{1F49783C-4F32-47E5-9FC1-5B9FE7E07C41}.Release|Any CPU.Build.0 = Release|Any CPU
		{E2EA90FB-52D3-456B-9465-3837C0C2498D}.Debug|Any CPU.ActiveCfg = Debug|Any CPU
		{E2EA90FB-52D3-456B-9465-3837C0C2498D}.Debug|Any CPU.Build.0 = Debug|Any CPU
		{E2EA90FB-52D3-456B-9465-3837C0C2498D}.Release|Any CPU.ActiveCfg = Release|Any CPU
		{E2EA90FB-52D3-456B-9465-3837C0C2498D}.Release|Any CPU.Build.0 = Release|Any CPU
		{13674EF7-667C-4CB0-A431-0370F1002B2D}.Debug|Any CPU.ActiveCfg = Debug|Any CPU
		{13674EF7-667C-4CB0-A431-0370F1002B2D}.Debug|Any CPU.Build.0 = Debug|Any CPU
		{13674EF7-667C-4CB0-A431-0370F1002B2D}.Release|Any CPU.ActiveCfg = Release|Any CPU
		{13674EF7-667C-4CB0-A431-0370F1002B2D}.Release|Any CPU.Build.0 = Release|Any CPU
		{DC1F0E9A-175B-4E05-B9A7-86F58BECAE53}.Debug|Any CPU.ActiveCfg = Debug|Any CPU
		{DC1F0E9A-175B-4E05-B9A7-86F58BECAE53}.Debug|Any CPU.Build.0 = Debug|Any CPU
		{DC1F0E9A-175B-4E05-B9A7-86F58BECAE53}.Release|Any CPU.ActiveCfg = Release|Any CPU
		{DC1F0E9A-175B-4E05-B9A7-86F58BECAE53}.Release|Any CPU.Build.0 = Release|Any CPU
		{601392E0-A88B-4059-BFE9-502D3CBF4527}.Debug|Any CPU.ActiveCfg = Debug|Any CPU
		{601392E0-A88B-4059-BFE9-502D3CBF4527}.Debug|Any CPU.Build.0 = Debug|Any CPU
		{601392E0-A88B-4059-BFE9-502D3CBF4527}.Release|Any CPU.ActiveCfg = Release|Any CPU
		{601392E0-A88B-4059-BFE9-502D3CBF4527}.Release|Any CPU.Build.0 = Release|Any CPU
	EndGlobalSection
	GlobalSection(SolutionProperties) = preSolution
		HideSolutionNode = FALSE
	EndGlobalSection
	GlobalSection(NestedProjects) = preSolution
		{DC1F0E9A-175B-4E05-B9A7-86F58BECAE53} = {69D54491-962D-4C11-935F-27CDD7D54FFD}
		{601392E0-A88B-4059-BFE9-502D3CBF4527} = {69D54491-962D-4C11-935F-27CDD7D54FFD}
	EndGlobalSection
	GlobalSection(ExtensibilityGlobals) = postSolution
		SolutionGuid = {8A8B9543-B5C6-4BB3-89CB-4FC63DBF88AC}
	EndGlobalSection
EndGlobal
