
Microsoft Visual Studio Solution File, Format Version 12.00
# Visual Studio Version 17
VisualStudioVersion = 17.8.34004.107
MinimumVisualStudioVersion = 10.0.40219.1
Project("{FAE04EC0-301F-11D3-BF4B-00C04F79EFBC}") = "Bifrost.Server", "Bifrost.Server\Bifrost.Server.csproj", "{F7F9D175-2F72-4D7B-9AD6-06E4A3310CE2}"
EndProject
Global
	GlobalSection(SolutionConfigurationPlatforms) = preSolution
		Debug|Any CPU = Debug|Any CPU
		Release|Any CPU = Release|Any CPU
	EndGlobalSection
	GlobalSection(ProjectConfigurationPlatforms) = postSolution
		{F7F9D175-2F72-4D7B-9AD6-06E4A3310CE2}.Debug|Any CPU.ActiveCfg = Debug|Any CPU
		{F7F9D175-2F72-4D7B-9AD6-06E4A3310CE2}.Debug|Any CPU.Build.0 = Debug|Any CPU
		{F7F9D175-2F72-4D7B-9AD6-06E4A3310CE2}.Release|Any CPU.ActiveCfg = Release|Any CPU
		{F7F9D175-2F72-4D7B-9AD6-06E4A3310CE2}.Release|Any CPU.Build.0 = Release|Any CPU
	EndGlobalSection
	GlobalSection(SolutionProperties) = preSolution
		HideSolutionNode = FALSE
	EndGlobalSection
	GlobalSection(ExtensibilityGlobals) = postSolution
		SolutionGuid = {8A8B9543-B5C6-4BB3-89CB-4FC63DBF88AC}
	EndGlobalSection
EndGlobal
